
Microsoft Visual Studio Solution File, Format Version 12.00
# Visual Studio 15
VisualStudioVersion = 15.0.27428.2037
MinimumVisualStudioVersion = 10.0.40219.1
Project("{9A19103F-16F7-4668-BE54-9A1E7A4F7556}") = "SolcNet", "SolcNet\SolcNet.csproj", "{7ECFD5B1-CB99-44DF-97C9-C5EF018F9271}"
EndProject
Project("{9A19103F-16F7-4668-BE54-9A1E7A4F7556}") = "TestApp", "TestApp\TestApp.csproj", "{BE39DE3B-495A-42DA-AECC-1D42AA426FCC}"
EndProject
Project("{9A19103F-16F7-4668-BE54-9A1E7A4F7556}") = "SolcNet.Tests", "SolcNet.Tests\SolcNet.Tests.csproj", "{85DBA835-57BD-468F-8878-9588675ECF00}"
EndProject
Project("{8BC9CEB8-8B4A-11D0-8D11-00A0C91BC942}") = "libsolc", "..\solc-build\solidity\build\libsolc\libsolc.vcxproj", "{FE81337E-CDEF-3C1B-893C-F775E216BD17}"
EndProject
Project("{9A19103F-16F7-4668-BE54-9A1E7A4F7556}") = "SolcNet.OpenZeppelinSource", "SolcNet.OpenZeppelinSource\SolcNet.OpenZeppelinSource.csproj", "{B31D5242-B59B-4A5E-B44E-8E35264428D4}"
EndProject
Global
	GlobalSection(SolutionConfigurationPlatforms) = preSolution
		Debug|Any CPU = Debug|Any CPU
		MinSizeRel|Any CPU = MinSizeRel|Any CPU
		Release|Any CPU = Release|Any CPU
		RelWithDebInfo|Any CPU = RelWithDebInfo|Any CPU
	EndGlobalSection
	GlobalSection(ProjectConfigurationPlatforms) = postSolution
		{7ECFD5B1-CB99-44DF-97C9-C5EF018F9271}.Debug|Any CPU.ActiveCfg = Debug|Any CPU
		{7ECFD5B1-CB99-44DF-97C9-C5EF018F9271}.Debug|Any CPU.Build.0 = Debug|Any CPU
		{7ECFD5B1-CB99-44DF-97C9-C5EF018F9271}.MinSizeRel|Any CPU.ActiveCfg = Release|Any CPU
		{7ECFD5B1-CB99-44DF-97C9-C5EF018F9271}.MinSizeRel|Any CPU.Build.0 = Release|Any CPU
		{7ECFD5B1-CB99-44DF-97C9-C5EF018F9271}.Release|Any CPU.ActiveCfg = Release|Any CPU
		{7ECFD5B1-CB99-44DF-97C9-C5EF018F9271}.Release|Any CPU.Build.0 = Release|Any CPU
		{7ECFD5B1-CB99-44DF-97C9-C5EF018F9271}.RelWithDebInfo|Any CPU.ActiveCfg = Release|Any CPU
		{7ECFD5B1-CB99-44DF-97C9-C5EF018F9271}.RelWithDebInfo|Any CPU.Build.0 = Release|Any CPU
		{BE39DE3B-495A-42DA-AECC-1D42AA426FCC}.Debug|Any CPU.ActiveCfg = Debug|Any CPU
		{BE39DE3B-495A-42DA-AECC-1D42AA426FCC}.Debug|Any CPU.Build.0 = Debug|Any CPU
		{BE39DE3B-495A-42DA-AECC-1D42AA426FCC}.MinSizeRel|Any CPU.ActiveCfg = Release|Any CPU
		{BE39DE3B-495A-42DA-AECC-1D42AA426FCC}.MinSizeRel|Any CPU.Build.0 = Release|Any CPU
		{BE39DE3B-495A-42DA-AECC-1D42AA426FCC}.Release|Any CPU.ActiveCfg = Release|Any CPU
		{BE39DE3B-495A-42DA-AECC-1D42AA426FCC}.Release|Any CPU.Build.0 = Release|Any CPU
		{BE39DE3B-495A-42DA-AECC-1D42AA426FCC}.RelWithDebInfo|Any CPU.ActiveCfg = Release|Any CPU
		{BE39DE3B-495A-42DA-AECC-1D42AA426FCC}.RelWithDebInfo|Any CPU.Build.0 = Release|Any CPU
		{85DBA835-57BD-468F-8878-9588675ECF00}.Debug|Any CPU.ActiveCfg = Debug|Any CPU
		{85DBA835-57BD-468F-8878-9588675ECF00}.Debug|Any CPU.Build.0 = Debug|Any CPU
		{85DBA835-57BD-468F-8878-9588675ECF00}.MinSizeRel|Any CPU.ActiveCfg = Release|Any CPU
		{85DBA835-57BD-468F-8878-9588675ECF00}.MinSizeRel|Any CPU.Build.0 = Release|Any CPU
		{85DBA835-57BD-468F-8878-9588675ECF00}.Release|Any CPU.ActiveCfg = Release|Any CPU
		{85DBA835-57BD-468F-8878-9588675ECF00}.Release|Any CPU.Build.0 = Release|Any CPU
		{85DBA835-57BD-468F-8878-9588675ECF00}.RelWithDebInfo|Any CPU.ActiveCfg = Release|Any CPU
		{85DBA835-57BD-468F-8878-9588675ECF00}.RelWithDebInfo|Any CPU.Build.0 = Release|Any CPU
		{FE81337E-CDEF-3C1B-893C-F775E216BD17}.Debug|Any CPU.ActiveCfg = Debug|x64
		{FE81337E-CDEF-3C1B-893C-F775E216BD17}.MinSizeRel|Any CPU.ActiveCfg = MinSizeRel|x64
		{FE81337E-CDEF-3C1B-893C-F775E216BD17}.Release|Any CPU.ActiveCfg = Release|x64
		{FE81337E-CDEF-3C1B-893C-F775E216BD17}.RelWithDebInfo|Any CPU.ActiveCfg = RelWithDebInfo|x64
		{B31D5242-B59B-4A5E-B44E-8E35264428D4}.Debug|Any CPU.ActiveCfg = Debug|Any CPU
		{B31D5242-B59B-4A5E-B44E-8E35264428D4}.Debug|Any CPU.Build.0 = Debug|Any CPU
		{B31D5242-B59B-4A5E-B44E-8E35264428D4}.MinSizeRel|Any CPU.ActiveCfg = Debug|Any CPU
		{B31D5242-B59B-4A5E-B44E-8E35264428D4}.MinSizeRel|Any CPU.Build.0 = Debug|Any CPU
		{B31D5242-B59B-4A5E-B44E-8E35264428D4}.Release|Any CPU.ActiveCfg = Release|Any CPU
		{B31D5242-B59B-4A5E-B44E-8E35264428D4}.Release|Any CPU.Build.0 = Release|Any CPU
		{B31D5242-B59B-4A5E-B44E-8E35264428D4}.RelWithDebInfo|Any CPU.ActiveCfg = Release|Any CPU
		{B31D5242-B59B-4A5E-B44E-8E35264428D4}.RelWithDebInfo|Any CPU.Build.0 = Release|Any CPU
	EndGlobalSection
	GlobalSection(SolutionProperties) = preSolution
		HideSolutionNode = FALSE
	EndGlobalSection
	GlobalSection(ExtensibilityGlobals) = postSolution
		SolutionGuid = {51324735-4C3E-43EF-B09A-A0ABDB8A516B}
	EndGlobalSection
EndGlobal
